// !$*UTF8*$!
{
	archiveVersion = 1;
	classes = {
	};
	objectVersion = 46;
	objects = {

/* Begin PBXBuildFile section */
		109484C81EE6A54700ACCB46 /* AppDelegate.swift in Sources */ = {isa = PBXBuildFile; fileRef = 109484C71EE6A54700ACCB46 /* AppDelegate.swift */; };
		109484CD1EE6A54700ACCB46 /* Main.storyboard in Resources */ = {isa = PBXBuildFile; fileRef = 109484CB1EE6A54700ACCB46 /* Main.storyboard */; };
		109484CF1EE6A54700ACCB46 /* Assets.xcassets in Resources */ = {isa = PBXBuildFile; fileRef = 109484CE1EE6A54700ACCB46 /* Assets.xcassets */; };
		109484D21EE6A54700ACCB46 /* LaunchScreen.storyboard in Resources */ = {isa = PBXBuildFile; fileRef = 109484D01EE6A54700ACCB46 /* LaunchScreen.storyboard */; };
		109484FF1EE6BA7D00ACCB46 /* WeatherViewController.swift in Sources */ = {isa = PBXBuildFile; fileRef = 109484FE1EE6BA7D00ACCB46 /* WeatherViewController.swift */; };
		109485191EE6C0CF00ACCB46 /* 01d.png in Resources */ = {isa = PBXBuildFile; fileRef = 109485071EE6C0CF00ACCB46 /* 01d.png */; };
		1094851A1EE6C0CF00ACCB46 /* 01n.png in Resources */ = {isa = PBXBuildFile; fileRef = 109485081EE6C0CF00ACCB46 /* 01n.png */; };
		1094851B1EE6C0CF00ACCB46 /* 02d.png in Resources */ = {isa = PBXBuildFile; fileRef = 109485091EE6C0CF00ACCB46 /* 02d.png */; };
		1094851C1EE6C0CF00ACCB46 /* 02n.png in Resources */ = {isa = PBXBuildFile; fileRef = 1094850A1EE6C0CF00ACCB46 /* 02n.png */; };
		1094851D1EE6C0CF00ACCB46 /* 03d.png in Resources */ = {isa = PBXBuildFile; fileRef = 1094850B1EE6C0CF00ACCB46 /* 03d.png */; };
		1094851E1EE6C0CF00ACCB46 /* 03n.png in Resources */ = {isa = PBXBuildFile; fileRef = 1094850C1EE6C0CF00ACCB46 /* 03n.png */; };
		1094851F1EE6C0CF00ACCB46 /* 04d.png in Resources */ = {isa = PBXBuildFile; fileRef = 1094850D1EE6C0CF00ACCB46 /* 04d.png */; };
		109485201EE6C0CF00ACCB46 /* 04n.png in Resources */ = {isa = PBXBuildFile; fileRef = 1094850E1EE6C0CF00ACCB46 /* 04n.png */; };
		109485211EE6C0CF00ACCB46 /* 09d.png in Resources */ = {isa = PBXBuildFile; fileRef = 1094850F1EE6C0CF00ACCB46 /* 09d.png */; };
		109485221EE6C0CF00ACCB46 /* 09n.png in Resources */ = {isa = PBXBuildFile; fileRef = 109485101EE6C0CF00ACCB46 /* 09n.png */; };
		109485231EE6C0CF00ACCB46 /* 10d.png in Resources */ = {isa = PBXBuildFile; fileRef = 109485111EE6C0CF00ACCB46 /* 10d.png */; };
		109485241EE6C0CF00ACCB46 /* 10n.png in Resources */ = {isa = PBXBuildFile; fileRef = 109485121EE6C0CF00ACCB46 /* 10n.png */; };
		109485251EE6C0CF00ACCB46 /* 11d.png in Resources */ = {isa = PBXBuildFile; fileRef = 109485131EE6C0CF00ACCB46 /* 11d.png */; };
		109485261EE6C0CF00ACCB46 /* 11n.png in Resources */ = {isa = PBXBuildFile; fileRef = 109485141EE6C0CF00ACCB46 /* 11n.png */; };
		109485271EE6C0CF00ACCB46 /* 13d.png in Resources */ = {isa = PBXBuildFile; fileRef = 109485151EE6C0CF00ACCB46 /* 13d.png */; };
		109485281EE6C0CF00ACCB46 /* 13n.png in Resources */ = {isa = PBXBuildFile; fileRef = 109485161EE6C0CF00ACCB46 /* 13n.png */; };
		109485291EE6C0CF00ACCB46 /* 50d.png in Resources */ = {isa = PBXBuildFile; fileRef = 109485171EE6C0CF00ACCB46 /* 50d.png */; };
		1094852A1EE6C0CF00ACCB46 /* 50n.png in Resources */ = {isa = PBXBuildFile; fileRef = 109485181EE6C0CF00ACCB46 /* 50n.png */; };
		10952B8A1EE6C2E0008DBF9B /* joburg.jpeg in Resources */ = {isa = PBXBuildFile; fileRef = 10952B891EE6C2E0008DBF9B /* joburg.jpeg */; };
/* End PBXBuildFile section */

/* Begin PBXFileReference section */
		109484C41EE6A54700ACCB46 /* UnderTheWeather.app */ = {isa = PBXFileReference; explicitFileType = wrapper.application; includeInIndex = 0; path = UnderTheWeather.app; sourceTree = BUILT_PRODUCTS_DIR; };
		109484C71EE6A54700ACCB46 /* AppDelegate.swift */ = {isa = PBXFileReference; lastKnownFileType = sourcecode.swift; path = AppDelegate.swift; sourceTree = "<group>"; };
		109484CC1EE6A54700ACCB46 /* Base */ = {isa = PBXFileReference; lastKnownFileType = file.storyboard; name = Base; path = Base.lproj/Main.storyboard; sourceTree = "<group>"; };
		109484CE1EE6A54700ACCB46 /* Assets.xcassets */ = {isa = PBXFileReference; lastKnownFileType = folder.assetcatalog; path = Assets.xcassets; sourceTree = "<group>"; };
		109484D11EE6A54700ACCB46 /* Base */ = {isa = PBXFileReference; lastKnownFileType = file.storyboard; name = Base; path = Base.lproj/LaunchScreen.storyboard; sourceTree = "<group>"; };
		109484D31EE6A54700ACCB46 /* Info.plist */ = {isa = PBXFileReference; lastKnownFileType = text.plist.xml; path = Info.plist; sourceTree = "<group>"; };
		109484FE1EE6BA7D00ACCB46 /* WeatherViewController.swift */ = {isa = PBXFileReference; fileEncoding = 4; lastKnownFileType = sourcecode.swift; path = WeatherViewController.swift; sourceTree = "<group>"; };
		109485071EE6C0CF00ACCB46 /* 01d.png */ = {isa = PBXFileReference; lastKnownFileType = image.png; path = 01d.png; sourceTree = "<group>"; };
		109485081EE6C0CF00ACCB46 /* 01n.png */ = {isa = PBXFileReference; lastKnownFileType = image.png; path = 01n.png; sourceTree = "<group>"; };
		109485091EE6C0CF00ACCB46 /* 02d.png */ = {isa = PBXFileReference; lastKnownFileType = image.png; path = 02d.png; sourceTree = "<group>"; };
		1094850A1EE6C0CF00ACCB46 /* 02n.png */ = {isa = PBXFileReference; lastKnownFileType = image.png; path = 02n.png; sourceTree = "<group>"; };
		1094850B1EE6C0CF00ACCB46 /* 03d.png */ = {isa = PBXFileReference; lastKnownFileType = image.png; path = 03d.png; sourceTree = "<group>"; };
		1094850C1EE6C0CF00ACCB46 /* 03n.png */ = {isa = PBXFileReference; lastKnownFileType = image.png; path = 03n.png; sourceTree = "<group>"; };
		1094850D1EE6C0CF00ACCB46 /* 04d.png */ = {isa = PBXFileReference; lastKnownFileType = image.png; path = 04d.png; sourceTree = "<group>"; };
		1094850E1EE6C0CF00ACCB46 /* 04n.png */ = {isa = PBXFileReference; lastKnownFileType = image.png; path = 04n.png; sourceTree = "<group>"; };
		1094850F1EE6C0CF00ACCB46 /* 09d.png */ = {isa = PBXFileReference; lastKnownFileType = image.png; path = 09d.png; sourceTree = "<group>"; };
		109485101EE6C0CF00ACCB46 /* 09n.png */ = {isa = PBXFileReference; lastKnownFileType = image.png; path = 09n.png; sourceTree = "<group>"; };
		109485111EE6C0CF00ACCB46 /* 10d.png */ = {isa = PBXFileReference; lastKnownFileType = image.png; path = 10d.png; sourceTree = "<group>"; };
		109485121EE6C0CF00ACCB46 /* 10n.png */ = {isa = PBXFileReference; lastKnownFileType = image.png; path = 10n.png; sourceTree = "<group>"; };
		109485131EE6C0CF00ACCB46 /* 11d.png */ = {isa = PBXFileReference; lastKnownFileType = image.png; path = 11d.png; sourceTree = "<group>"; };
		109485141EE6C0CF00ACCB46 /* 11n.png */ = {isa = PBXFileReference; lastKnownFileType = image.png; path = 11n.png; sourceTree = "<group>"; };
		109485151EE6C0CF00ACCB46 /* 13d.png */ = {isa = PBXFileReference; lastKnownFileType = image.png; path = 13d.png; sourceTree = "<group>"; };
		109485161EE6C0CF00ACCB46 /* 13n.png */ = {isa = PBXFileReference; lastKnownFileType = image.png; path = 13n.png; sourceTree = "<group>"; };
		109485171EE6C0CF00ACCB46 /* 50d.png */ = {isa = PBXFileReference; lastKnownFileType = image.png; path = 50d.png; sourceTree = "<group>"; };
		109485181EE6C0CF00ACCB46 /* 50n.png */ = {isa = PBXFileReference; lastKnownFileType = image.png; path = 50n.png; sourceTree = "<group>"; };
		10952B891EE6C2E0008DBF9B /* joburg.jpeg */ = {isa = PBXFileReference; lastKnownFileType = image.jpeg; path = joburg.jpeg; sourceTree = "<group>"; };
/* End PBXFileReference section */

/* Begin PBXFrameworksBuildPhase section */
		109484C11EE6A54700ACCB46 /* Frameworks */ = {
			isa = PBXFrameworksBuildPhase;
			buildActionMask = 2147483647;
			files = (
			);
			runOnlyForDeploymentPostprocessing = 0;
		};
/* End PBXFrameworksBuildPhase section */

/* Begin PBXGroup section */
		109484BB1EE6A54700ACCB46 = {
			isa = PBXGroup;
			children = (
				109484C61EE6A54700ACCB46 /* UnderTheWeather */,
				109484C51EE6A54700ACCB46 /* Products */,
			);
			sourceTree = "<group>";
		};
		109484C51EE6A54700ACCB46 /* Products */ = {
			isa = PBXGroup;
			children = (
				109484C41EE6A54700ACCB46 /* UnderTheWeather.app */,
			);
			name = Products;
			sourceTree = "<group>";
		};
		109484C61EE6A54700ACCB46 /* UnderTheWeather */ = {
			isa = PBXGroup;
			children = (
				109484C71EE6A54700ACCB46 /* AppDelegate.swift */,
				109484FE1EE6BA7D00ACCB46 /* WeatherViewController.swift */,
				109484CB1EE6A54700ACCB46 /* Main.storyboard */,
				109484CE1EE6A54700ACCB46 /* Assets.xcassets */,
				109484D01EE6A54700ACCB46 /* LaunchScreen.storyboard */,
				109484D31EE6A54700ACCB46 /* Info.plist */,
				109485051EE6C07600ACCB46 /* Weather Icons */,
				109485061EE6C08800ACCB46 /* Supporting Files */,
			);
			path = UnderTheWeather;
			sourceTree = "<group>";
		};
		109485051EE6C07600ACCB46 /* Weather Icons */ = {
			isa = PBXGroup;
			children = (
				109485071EE6C0CF00ACCB46 /* 01d.png */,
				109485081EE6C0CF00ACCB46 /* 01n.png */,
				109485091EE6C0CF00ACCB46 /* 02d.png */,
				1094850A1EE6C0CF00ACCB46 /* 02n.png */,
				1094850B1EE6C0CF00ACCB46 /* 03d.png */,
				1094850C1EE6C0CF00ACCB46 /* 03n.png */,
				1094850D1EE6C0CF00ACCB46 /* 04d.png */,
				1094850E1EE6C0CF00ACCB46 /* 04n.png */,
				1094850F1EE6C0CF00ACCB46 /* 09d.png */,
				109485101EE6C0CF00ACCB46 /* 09n.png */,
				109485111EE6C0CF00ACCB46 /* 10d.png */,
				109485121EE6C0CF00ACCB46 /* 10n.png */,
				109485131EE6C0CF00ACCB46 /* 11d.png */,
				109485141EE6C0CF00ACCB46 /* 11n.png */,
				109485151EE6C0CF00ACCB46 /* 13d.png */,
				109485161EE6C0CF00ACCB46 /* 13n.png */,
				109485171EE6C0CF00ACCB46 /* 50d.png */,
				109485181EE6C0CF00ACCB46 /* 50n.png */,
			);
			name = "Weather Icons";
			sourceTree = "<group>";
		};
		109485061EE6C08800ACCB46 /* Supporting Files */ = {
			isa = PBXGroup;
			children = (
				10952B891EE6C2E0008DBF9B /* joburg.jpeg */,
			);
			name = "Supporting Files";
			sourceTree = "<group>";
		};
/* End PBXGroup section */

/* Begin PBXNativeTarget section */
		109484C31EE6A54700ACCB46 /* UnderTheWeather */ = {
			isa = PBXNativeTarget;
			buildConfigurationList = 109484D61EE6A54700ACCB46 /* Build configuration list for PBXNativeTarget "UnderTheWeather" */;
			buildPhases = (
				109484C01EE6A54700ACCB46 /* Sources */,
				109484C11EE6A54700ACCB46 /* Frameworks */,
				109484C21EE6A54700ACCB46 /* Resources */,
			);
			buildRules = (
			);
			dependencies = (
			);
			name = UnderTheWeather;
			productName = UnderTheWeather;
			productReference = 109484C41EE6A54700ACCB46 /* UnderTheWeather.app */;
			productType = "com.apple.product-type.application";
		};
/* End PBXNativeTarget section */

/* Begin PBXProject section */
		109484BC1EE6A54700ACCB46 /* Project object */ = {
			isa = PBXProject;
			attributes = {
				LastSwiftUpdateCheck = 0830;
				LastUpgradeCheck = 0830;
				ORGANIZATIONNAME = "Jonah Kuria";
				TargetAttributes = {
					109484C31EE6A54700ACCB46 = {
						CreatedOnToolsVersion = 8.3.2;
						DevelopmentTeam = YV985BAL4N;
						ProvisioningStyle = Automatic;
					};
				};
			};
			buildConfigurationList = 109484BF1EE6A54700ACCB46 /* Build configuration list for PBXProject "UnderTheWeather" */;
			compatibilityVersion = "Xcode 3.2";
			developmentRegion = English;
			hasScannedForEncodings = 0;
			knownRegions = (
				en,
				Base,
			);
			mainGroup = 109484BB1EE6A54700ACCB46;
			productRefGroup = 109484C51EE6A54700ACCB46 /* Products */;
			projectDirPath = "";
			projectRoot = "";
			targets = (
				109484C31EE6A54700ACCB46 /* UnderTheWeather */,
			);
		};
/* End PBXProject section */

/* Begin PBXResourcesBuildPhase section */
		109484C21EE6A54700ACCB46 /* Resources */ = {
			isa = PBXResourcesBuildPhase;
			buildActionMask = 2147483647;
			files = (
				109485281EE6C0CF00ACCB46 /* 13n.png in Resources */,
				109485251EE6C0CF00ACCB46 /* 11d.png in Resources */,
				1094851F1EE6C0CF00ACCB46 /* 04d.png in Resources */,
				109485291EE6C0CF00ACCB46 /* 50d.png in Resources */,
				1094851B1EE6C0CF00ACCB46 /* 02d.png in Resources */,
				1094851D1EE6C0CF00ACCB46 /* 03d.png in Resources */,
				1094852A1EE6C0CF00ACCB46 /* 50n.png in Resources */,
				109485211EE6C0CF00ACCB46 /* 09d.png in Resources */,
				109484D21EE6A54700ACCB46 /* LaunchScreen.storyboard in Resources */,
				1094851E1EE6C0CF00ACCB46 /* 03n.png in Resources */,
				10952B8A1EE6C2E0008DBF9B /* joburg.jpeg in Resources */,
				1094851C1EE6C0CF00ACCB46 /* 02n.png in Resources */,
				109485261EE6C0CF00ACCB46 /* 11n.png in Resources */,
				1094851A1EE6C0CF00ACCB46 /* 01n.png in Resources */,
				109485221EE6C0CF00ACCB46 /* 09n.png in Resources */,
				109485241EE6C0CF00ACCB46 /* 10n.png in Resources */,
				109485271EE6C0CF00ACCB46 /* 13d.png in Resources */,
				109484CF1EE6A54700ACCB46 /* Assets.xcassets in Resources */,
				109484CD1EE6A54700ACCB46 /* Main.storyboard in Resources */,
				109485231EE6C0CF00ACCB46 /* 10d.png in Resources */,
				109485191EE6C0CF00ACCB46 /* 01d.png in Resources */,
				109485201EE6C0CF00ACCB46 /* 04n.png in Resources */,
			);
			runOnlyForDeploymentPostprocessing = 0;
		};
/* End PBXResourcesBuildPhase section */

/* Begin PBXSourcesBuildPhase section */
		109484C01EE6A54700ACCB46 /* Sources */ = {
			isa = PBXSourcesBuildPhase;
			buildActionMask = 2147483647;
			files = (
				109484C81EE6A54700ACCB46 /* AppDelegate.swift in Sources */,
				109484FF1EE6BA7D00ACCB46 /* WeatherViewController.swift in Sources */,
			);
			runOnlyForDeploymentPostprocessing = 0;
		};
/* End PBXSourcesBuildPhase section */

/* Begin PBXVariantGroup section */
		109484CB1EE6A54700ACCB46 /* Main.storyboard */ = {
			isa = PBXVariantGroup;
			children = (
				109484CC1EE6A54700ACCB46 /* Base */,
			);
			name = Main.storyboard;
			sourceTree = "<group>";
		};
		109484D01EE6A54700ACCB46 /* LaunchScreen.storyboard */ = {
			isa = PBXVariantGroup;
			children = (
				109484D11EE6A54700ACCB46 /* Base */,
			);
			name = LaunchScreen.storyboard;
			sourceTree = "<group>";
		};
/* End PBXVariantGroup section */

/* Begin XCBuildConfiguration section */
		109484D41EE6A54700ACCB46 /* Debug */ = {
			isa = XCBuildConfiguration;
			buildSettings = {
				ALWAYS_SEARCH_USER_PATHS = NO;
				CLANG_ANALYZER_NONNULL = YES;
				CLANG_ANALYZER_NUMBER_OBJECT_CONVERSION = YES_AGGRESSIVE;
				CLANG_CXX_LANGUAGE_STANDARD = "gnu++0x";
				CLANG_CXX_LIBRARY = "libc++";
				CLANG_ENABLE_MODULES = YES;
				CLANG_ENABLE_OBJC_ARC = YES;
				CLANG_WARN_BOOL_CONVERSION = YES;
				CLANG_WARN_CONSTANT_CONVERSION = YES;
				CLANG_WARN_DIRECT_OBJC_ISA_USAGE = YES_ERROR;
				CLANG_WARN_DOCUMENTATION_COMMENTS = YES;
				CLANG_WARN_EMPTY_BODY = YES;
				CLANG_WARN_ENUM_CONVERSION = YES;
				CLANG_WARN_INFINITE_RECURSION = YES;
				CLANG_WARN_INT_CONVERSION = YES;
				CLANG_WARN_OBJC_ROOT_CLASS = YES_ERROR;
				CLANG_WARN_SUSPICIOUS_MOVE = YES;
				CLANG_WARN_UNREACHABLE_CODE = YES;
				CLANG_WARN__DUPLICATE_METHOD_MATCH = YES;
				"CODE_SIGN_IDENTITY[sdk=iphoneos*]" = "iPhone Developer";
				COPY_PHASE_STRIP = NO;
				DEBUG_INFORMATION_FORMAT = dwarf;
				ENABLE_STRICT_OBJC_MSGSEND = YES;
				ENABLE_TESTABILITY = YES;
				GCC_C_LANGUAGE_STANDARD = gnu99;
				GCC_DYNAMIC_NO_PIC = NO;
				GCC_NO_COMMON_BLOCKS = YES;
				GCC_OPTIMIZATION_LEVEL = 0;
				GCC_PREPROCESSOR_DEFINITIONS = (
					"DEBUG=1",
					"$(inherited)",
				);
				GCC_WARN_64_TO_32_BIT_CONVERSION = YES;
				GCC_WARN_ABOUT_RETURN_TYPE = YES_ERROR;
				GCC_WARN_UNDECLARED_SELECTOR = YES;
				GCC_WARN_UNINITIALIZED_AUTOS = YES_AGGRESSIVE;
				GCC_WARN_UNUSED_FUNCTION = YES;
				GCC_WARN_UNUSED_VARIABLE = YES;
				IPHONEOS_DEPLOYMENT_TARGET = 10.3;
				MTL_ENABLE_DEBUG_INFO = YES;
				ONLY_ACTIVE_ARCH = YES;
				SDKROOT = iphoneos;
				SWIFT_ACTIVE_COMPILATION_CONDITIONS = DEBUG;
				SWIFT_OPTIMIZATION_LEVEL = "-Onone";
			};
			name = Debug;
		};
		109484D51EE6A54700ACCB46 /* Release */ = {
			isa = XCBuildConfiguration;
			buildSettings = {
				ALWAYS_SEARCH_USER_PATHS = NO;
				CLANG_ANALYZER_NONNULL = YES;
				CLANG_ANALYZER_NUMBER_OBJECT_CONVERSION = YES_AGGRESSIVE;
				CLANG_CXX_LANGUAGE_STANDARD = "gnu++0x";
				CLANG_CXX_LIBRARY = "libc++";
				CLANG_ENABLE_MODULES = YES;
				CLANG_ENABLE_OBJC_ARC = YES;
				CLANG_WARN_BOOL_CONVERSION = YES;
				CLANG_WARN_CONSTANT_CONVERSION = YES;
				CLANG_WARN_DIRECT_OBJC_ISA_USAGE = YES_ERROR;
				CLANG_WARN_DOCUMENTATION_COMMENTS = YES;
				CLANG_WARN_EMPTY_BODY = YES;
				CLANG_WARN_ENUM_CONVERSION = YES;
				CLANG_WARN_INFINITE_RECURSION = YES;
				CLANG_WARN_INT_CONVERSION = YES;
				CLANG_WARN_OBJC_ROOT_CLASS = YES_ERROR;
				CLANG_WARN_SUSPICIOUS_MOVE = YES;
				CLANG_WARN_UNREACHABLE_CODE = YES;
				CLANG_WARN__DUPLICATE_METHOD_MATCH = YES;
				"CODE_SIGN_IDENTITY[sdk=iphoneos*]" = "iPhone Developer";
				COPY_PHASE_STRIP = NO;
				DEBUG_INFORMATION_FORMAT = "dwarf-with-dsym";
				ENABLE_NS_ASSERTIONS = NO;
				ENABLE_STRICT_OBJC_MSGSEND = YES;
				GCC_C_LANGUAGE_STANDARD = gnu99;
				GCC_NO_COMMON_BLOCKS = YES;
				GCC_WARN_64_TO_32_BIT_CONVERSION = YES;
				GCC_WARN_ABOUT_RETURN_TYPE = YES_ERROR;
				GCC_WARN_UNDECLARED_SELECTOR = YES;
				GCC_WARN_UNINITIALIZED_AUTOS = YES_AGGRESSIVE;
				GCC_WARN_UNUSED_FUNCTION = YES;
				GCC_WARN_UNUSED_VARIABLE = YES;
				IPHONEOS_DEPLOYMENT_TARGET = 10.3;
				MTL_ENABLE_DEBUG_INFO = NO;
				SDKROOT = iphoneos;
				SWIFT_OPTIMIZATION_LEVEL = "-Owholemodule";
				VALIDATE_PRODUCT = YES;
			};
			name = Release;
		};
		109484D71EE6A54700ACCB46 /* Debug */ = {
			isa = XCBuildConfiguration;
			buildSettings = {
				ASSETCATALOG_COMPILER_APPICON_NAME = AppIcon;
				DEVELOPMENT_TEAM = YV985BAL4N;
				INFOPLIST_FILE = UnderTheWeather/Info.plist;
				LD_RUNPATH_SEARCH_PATHS = "$(inherited) @executable_path/Frameworks";
				PRODUCT_BUNDLE_IDENTIFIER = com.jonahkuria.UnderTheWeather;
				PRODUCT_NAME = "$(TARGET_NAME)";
				SWIFT_VERSION = 3.0;
			};
			name = Debug;
		};
		109484D81EE6A54700ACCB46 /* Release */ = {
			isa = XCBuildConfiguration;
			buildSettings = {
				ASSETCATALOG_COMPILER_APPICON_NAME = AppIcon;
				DEVELOPMENT_TEAM = YV985BAL4N;
				INFOPLIST_FILE = UnderTheWeather/Info.plist;
				LD_RUNPATH_SEARCH_PATHS = "$(inherited) @executable_path/Frameworks";
				PRODUCT_BUNDLE_IDENTIFIER = com.jonahkuria.UnderTheWeather;
				PRODUCT_NAME = "$(TARGET_NAME)";
				SWIFT_VERSION = 3.0;
			};
			name = Release;
		};
/* End XCBuildConfiguration section */

/* Begin XCConfigurationList section */
		109484BF1EE6A54700ACCB46 /* Build configuration list for PBXProject "UnderTheWeather" */ = {
			isa = XCConfigurationList;
			buildConfigurations = (
				109484D41EE6A54700ACCB46 /* Debug */,
				109484D51EE6A54700ACCB46 /* Release */,
			);
			defaultConfigurationIsVisible = 0;
			defaultConfigurationName = Release;
		};
		109484D61EE6A54700ACCB46 /* Build configuration list for PBXNativeTarget "UnderTheWeather" */ = {
			isa = XCConfigurationList;
			buildConfigurations = (
				109484D71EE6A54700ACCB46 /* Debug */,
				109484D81EE6A54700ACCB46 /* Release */,
			);
			defaultConfigurationIsVisible = 0;
			defaultConfigurationName = Release;
		};
/* End XCConfigurationList section */
	};
	rootObject = 109484BC1EE6A54700ACCB46 /* Project object */;
}
